// !$*UTF8*$!
{
	archiveVersion = 1;
	classes = {
	};
	objectVersion = 77;
	objects = {

/* Begin PBXBuildFile section */
		4D20CE6D2F908D11009B29CC /* ProductoEntity+CoreDataProperties.swift in Sources */ = {isa = PBXBuildFile; fileRef = 4D20CE6A2F908D11009B29CC /* ProductoEntity+CoreDataProperties.swift */; };
		4D20CE6E2F908D11009B29CC /* VentaEntity+CoreDataClass.swift in Sources */ = {isa = PBXBuildFile; fileRef = 4D20CE6B2F908D11009B29CC /* VentaEntity+CoreDataClass.swift */; };
		4D20CE6F2F908D11009B29CC /* CuotaEntity+CoreDataProperties.swift in Sources */ = {isa = PBXBuildFile; fileRef = 4D20CE682F908D11009B29CC /* CuotaEntity+CoreDataProperties.swift */; };
		4D20CE702F908D11009B29CC /* ClienteEntity+CoreDataClass.swift in Sources */ = {isa = PBXBuildFile; fileRef = 4D20CE652F908D11009B29CC /* ClienteEntity+CoreDataClass.swift */; };
		4D20CE712F908D11009B29CC /* ClienteEntity+CoreDataProperties.swift in Sources */ = {isa = PBXBuildFile; fileRef = 4D20CE662F908D11009B29CC /* ClienteEntity+CoreDataProperties.swift */; };
		4D20CE722F908D11009B29CC /* ProductoEntity+CoreDataClass.swift in Sources */ = {isa = PBXBuildFile; fileRef = 4D20CE692F908D11009B29CC /* ProductoEntity+CoreDataClass.swift */; };
		4D20CE732F908D11009B29CC /* CuotaEntity+CoreDataClass.swift in Sources */ = {isa = PBXBuildFile; fileRef = 4D20CE672F908D11009B29CC /* CuotaEntity+CoreDataClass.swift */; };
		4D20CE742F908D11009B29CC /* VentaEntity+CoreDataProperties.swift in Sources */ = {isa = PBXBuildFile; fileRef = 4D20CE6C2F908D11009B29CC /* VentaEntity+CoreDataProperties.swift */; };
		4D99F8DA2F9AC1E100434514 /* FirebaseAuth in Frameworks */ = {isa = PBXBuildFile; productRef = 4D99F8D92F9AC1E100434514 /* FirebaseAuth */; };
		4D99F8DC2F9AC1E100434514 /* FirebaseCore in Frameworks */ = {isa = PBXBuildFile; productRef = 4D99F8DB2F9AC1E100434514 /* FirebaseCore */; };
		4D99F8DE2F9AC1E100434514 /* FirebaseFirestore in Frameworks */ = {isa = PBXBuildFile; productRef = 4D99F8DD2F9AC1E100434514 /* FirebaseFirestore */; };
		4DA4EB312F91BF8D009F28F5 /* AlmacenEntity+CoreDataClass.swift in Sources */ = {isa = PBXBuildFile; fileRef = 4DA4EB302F91BF8D009F28F5 /* AlmacenEntity+CoreDataClass.swift */; };
		4DA4EB332F91BF8E009F28F5 /* MovimientoInventarioEntity+CoreDataClass.swift in Sources */ = {isa = PBXBuildFile; fileRef = 4DA4EB322F91BF8E009F28F5 /* MovimientoInventarioEntity+CoreDataClass.swift */; };
		4DA4EB352F91BF8E009F28F5 /* ProveedorEntity+CoreDataClass.swift in Sources */ = {isa = PBXBuildFile; fileRef = 4DA4EB342F91BF8E009F28F5 /* ProveedorEntity+CoreDataClass.swift */; };
		4DA4EB372F91BF8E009F28F5 /* OrdenCompraEntity+CoreDataClass.swift in Sources */ = {isa = PBXBuildFile; fileRef = 4DA4EB362F91BF8E009F28F5 /* OrdenCompraEntity+CoreDataClass.swift */; };
		4DA4EB392F91BFA9009F28F5 /* AlmacenEntity+CoreDataProperties.swift in Sources */ = {isa = PBXBuildFile; fileRef = 4DA4EB382F91BFA9009F28F5 /* AlmacenEntity+CoreDataProperties.swift */; };
		4DA4EB3B2F91BFAA009F28F5 /* MovimientoInventarioEntity+CoreDataProperties.swift in Sources */ = {isa = PBXBuildFile; fileRef = 4DA4EB3A2F91BFAA009F28F5 /* MovimientoInventarioEntity+CoreDataProperties.swift */; };
		4DA4EB3D2F91BFAA009F28F5 /* ProveedorEntity+CoreDataProperties.swift in Sources */ = {isa = PBXBuildFile; fileRef = 4DA4EB3C2F91BFAA009F28F5 /* ProveedorEntity+CoreDataProperties.swift */; };
		4DA4EB3F2F91BFAA009F28F5 /* OrdenCompraEntity+CoreDataProperties.swift in Sources */ = {isa = PBXBuildFile; fileRef = 4DA4EB3E2F91BFAA009F28F5 /* OrdenCompraEntity+CoreDataProperties.swift */; };
		4DA4EB472F91C485009F28F5 /* StockAlmacenEntity+CoreDataClass.swift in Sources */ = {isa = PBXBuildFile; fileRef = 4DA4EB462F91C485009F28F5 /* StockAlmacenEntity+CoreDataClass.swift */; };
		4DA4EB492F91C485009F28F5 /* StockAlmacenEntity+CoreDataProperties.swift in Sources */ = {isa = PBXBuildFile; fileRef = 4DA4EB482F91C485009F28F5 /* StockAlmacenEntity+CoreDataProperties.swift */; };
		4DD98B532F8AD69B00186F8E /* LoginEntity+CoreDataProperties.swift in Sources */ = {isa = PBXBuildFile; fileRef = 4DD98B522F8AD69B00186F8E /* LoginEntity+CoreDataProperties.swift */; };
		4DD98B542F8AD69B00186F8E /* LoginEntity+CoreDataClass.swift in Sources */ = {isa = PBXBuildFile; fileRef = 4DD98B512F8AD69B00186F8E /* LoginEntity+CoreDataClass.swift */; };
/* End PBXBuildFile section */

/* Begin PBXFileReference section */
		4D20CE652F908D11009B29CC /* ClienteEntity+CoreDataClass.swift */ = {isa = PBXFileReference; lastKnownFileType = sourcecode.swift; path = "ClienteEntity+CoreDataClass.swift"; sourceTree = "<group>"; };
		4D20CE662F908D11009B29CC /* ClienteEntity+CoreDataProperties.swift */ = {isa = PBXFileReference; lastKnownFileType = sourcecode.swift; path = "ClienteEntity+CoreDataProperties.swift"; sourceTree = "<group>"; };
		4D20CE672F908D11009B29CC /* CuotaEntity+CoreDataClass.swift */ = {isa = PBXFileReference; lastKnownFileType = sourcecode.swift; path = "CuotaEntity+CoreDataClass.swift"; sourceTree = "<group>"; };
		4D20CE682F908D11009B29CC /* CuotaEntity+CoreDataProperties.swift */ = {isa = PBXFileReference; lastKnownFileType = sourcecode.swift; path = "CuotaEntity+CoreDataProperties.swift"; sourceTree = "<group>"; };
		4D20CE692F908D11009B29CC /* ProductoEntity+CoreDataClass.swift */ = {isa = PBXFileReference; lastKnownFileType = sourcecode.swift; path = "ProductoEntity+CoreDataClass.swift"; sourceTree = "<group>"; };
		4D20CE6A2F908D11009B29CC /* ProductoEntity+CoreDataProperties.swift */ = {isa = PBXFileReference; lastKnownFileType = sourcecode.swift; path = "ProductoEntity+CoreDataProperties.swift"; sourceTree = "<group>"; };
		4D20CE6B2F908D11009B29CC /* VentaEntity+CoreDataClass.swift */ = {isa = PBXFileReference; lastKnownFileType = sourcecode.swift; path = "VentaEntity+CoreDataClass.swift"; sourceTree = "<group>"; };
		4D20CE6C2F908D11009B29CC /* VentaEntity+CoreDataProperties.swift */ = {isa = PBXFileReference; lastKnownFileType = sourcecode.swift; path = "VentaEntity+CoreDataProperties.swift"; sourceTree = "<group>"; };
		4DA4EB302F91BF8D009F28F5 /* AlmacenEntity+CoreDataClass.swift */ = {isa = PBXFileReference; lastKnownFileType = sourcecode.swift; path = "AlmacenEntity+CoreDataClass.swift"; sourceTree = "<group>"; };
		4DA4EB322F91BF8E009F28F5 /* MovimientoInventarioEntity+CoreDataClass.swift */ = {isa = PBXFileReference; lastKnownFileType = sourcecode.swift; path = "MovimientoInventarioEntity+CoreDataClass.swift"; sourceTree = "<group>"; };
		4DA4EB342F91BF8E009F28F5 /* ProveedorEntity+CoreDataClass.swift */ = {isa = PBXFileReference; lastKnownFileType = sourcecode.swift; path = "ProveedorEntity+CoreDataClass.swift"; sourceTree = "<group>"; };
		4DA4EB362F91BF8E009F28F5 /* OrdenCompraEntity+CoreDataClass.swift */ = {isa = PBXFileReference; lastKnownFileType = sourcecode.swift; path = "OrdenCompraEntity+CoreDataClass.swift"; sourceTree = "<group>"; };
		4DA4EB382F91BFA9009F28F5 /* AlmacenEntity+CoreDataProperties.swift */ = {isa = PBXFileReference; lastKnownFileType = sourcecode.swift; path = "AlmacenEntity+CoreDataProperties.swift"; sourceTree = "<group>"; };
		4DA4EB3A2F91BFAA009F28F5 /* MovimientoInventarioEntity+CoreDataProperties.swift */ = {isa = PBXFileReference; lastKnownFileType = sourcecode.swift; path = "MovimientoInventarioEntity+CoreDataProperties.swift"; sourceTree = "<group>"; };
		4DA4EB3C2F91BFAA009F28F5 /* ProveedorEntity+CoreDataProperties.swift */ = {isa = PBXFileReference; lastKnownFileType = sourcecode.swift; path = "ProveedorEntity+CoreDataProperties.swift"; sourceTree = "<group>"; };
		4DA4EB3E2F91BFAA009F28F5 /* OrdenCompraEntity+CoreDataProperties.swift */ = {isa = PBXFileReference; lastKnownFileType = sourcecode.swift; path = "OrdenCompraEntity+CoreDataProperties.swift"; sourceTree = "<group>"; };
		4DA4EB462F91C485009F28F5 /* StockAlmacenEntity+CoreDataClass.swift */ = {isa = PBXFileReference; lastKnownFileType = sourcecode.swift; path = "StockAlmacenEntity+CoreDataClass.swift"; sourceTree = "<group>"; };
		4DA4EB482F91C485009F28F5 /* StockAlmacenEntity+CoreDataProperties.swift */ = {isa = PBXFileReference; lastKnownFileType = sourcecode.swift; path = "StockAlmacenEntity+CoreDataProperties.swift"; sourceTree = "<group>"; };
		4DD98B512F8AD69B00186F8E /* LoginEntity+CoreDataClass.swift */ = {isa = PBXFileReference; lastKnownFileType = sourcecode.swift; path = "LoginEntity+CoreDataClass.swift"; sourceTree = "<group>"; };
		4DD98B522F8AD69B00186F8E /* LoginEntity+CoreDataProperties.swift */ = {isa = PBXFileReference; lastKnownFileType = sourcecode.swift; path = "LoginEntity+CoreDataProperties.swift"; sourceTree = "<group>"; };
		AE42C8912F86B08A001C9095 /* RAVNU_Proyecto.app */ = {isa = PBXFileReference; explicitFileType = wrapper.application; includeInIndex = 0; path = RAVNU_Proyecto.app; sourceTree = BUILT_PRODUCTS_DIR; };
/* End PBXFileReference section */

/* Begin PBXFileSystemSynchronizedBuildFileExceptionSet section */
		AE42C8A62F86B08A001C9095 /* Exceptions for "RAVNU_Proyecto" folder in "RAVNU_Proyecto" target */ = {
			isa = PBXFileSystemSynchronizedBuildFileExceptionSet;
			membershipExceptions = (
				Info.plist,
				Infrastructure/AppRuntime.swift,
				Infrastructure/AppSession.swift,
				Infrastructure/FirebaseBootstrap.swift,
				Infrastructure/RemoteSyncCoordinator.swift,
			);
			target = AE42C8902F86B08A001C9095 /* RAVNU_Proyecto */;
		};
/* End PBXFileSystemSynchronizedBuildFileExceptionSet section */

/* Begin PBXFileSystemSynchronizedRootGroup section */
		AE42C8932F86B08A001C9095 /* RAVNU_Proyecto */ = {
			isa = PBXFileSystemSynchronizedRootGroup;
			exceptions = (
				AE42C8A62F86B08A001C9095 /* Exceptions for "RAVNU_Proyecto" folder in "RAVNU_Proyecto" target */,
			);
			path = RAVNU_Proyecto;
			sourceTree = "<group>";
		};
/* End PBXFileSystemSynchronizedRootGroup section */

/* Begin PBXFrameworksBuildPhase section */
		AE42C88E2F86B08A001C9095 /* Frameworks */ = {
			isa = PBXFrameworksBuildPhase;
			buildActionMask = 2147483647;
			files = (
				4D99F8DC2F9AC1E100434514 /* FirebaseCore in Frameworks */,
				4D99F8DA2F9AC1E100434514 /* FirebaseAuth in Frameworks */,
				4D99F8DE2F9AC1E100434514 /* FirebaseFirestore in Frameworks */,
			);
			runOnlyForDeploymentPostprocessing = 0;
		};
/* End PBXFrameworksBuildPhase section */

/* Begin PBXGroup section */
		4D99F8D02F9AB68B00434514 /* Infrastructure */ = {
			isa = PBXGroup;
			children = (
			);
			path = Infrastructure;
			sourceTree = "<group>";
		};
		AE42C8882F86B08A001C9095 = {
			isa = PBXGroup;
			children = (
				4D20CE652F908D11009B29CC /* ClienteEntity+CoreDataClass.swift */,
				4D20CE662F908D11009B29CC /* ClienteEntity+CoreDataProperties.swift */,
				4D20CE672F908D11009B29CC /* CuotaEntity+CoreDataClass.swift */,
				4D20CE682F908D11009B29CC /* CuotaEntity+CoreDataProperties.swift */,
				4D20CE692F908D11009B29CC /* ProductoEntity+CoreDataClass.swift */,
				4D20CE6A2F908D11009B29CC /* ProductoEntity+CoreDataProperties.swift */,
				4D20CE6B2F908D11009B29CC /* VentaEntity+CoreDataClass.swift */,
				4D20CE6C2F908D11009B29CC /* VentaEntity+CoreDataProperties.swift */,
				4DD98B512F8AD69B00186F8E /* LoginEntity+CoreDataClass.swift */,
				4DD98B522F8AD69B00186F8E /* LoginEntity+CoreDataProperties.swift */,
				AE42C8932F86B08A001C9095 /* RAVNU_Proyecto */,
				AE42C8922F86B08A001C9095 /* Products */,
				4DA4EB302F91BF8D009F28F5 /* AlmacenEntity+CoreDataClass.swift */,
				4DA4EB322F91BF8E009F28F5 /* MovimientoInventarioEntity+CoreDataClass.swift */,
				4DA4EB342F91BF8E009F28F5 /* ProveedorEntity+CoreDataClass.swift */,
				4DA4EB362F91BF8E009F28F5 /* OrdenCompraEntity+CoreDataClass.swift */,
				4DA4EB382F91BFA9009F28F5 /* AlmacenEntity+CoreDataProperties.swift */,
				4DA4EB3A2F91BFAA009F28F5 /* MovimientoInventarioEntity+CoreDataProperties.swift */,
				4DA4EB3C2F91BFAA009F28F5 /* ProveedorEntity+CoreDataProperties.swift */,
				4DA4EB3E2F91BFAA009F28F5 /* OrdenCompraEntity+CoreDataProperties.swift */,
				4DA4EB462F91C485009F28F5 /* StockAlmacenEntity+CoreDataClass.swift */,
				4DA4EB482F91C485009F28F5 /* StockAlmacenEntity+CoreDataProperties.swift */,
				4D99F8D02F9AB68B00434514 /* Infrastructure */,
			);
			sourceTree = "<group>";
		};
		AE42C8922F86B08A001C9095 /* Products */ = {
			isa = PBXGroup;
			children = (
				AE42C8912F86B08A001C9095 /* RAVNU_Proyecto.app */,
			);
			name = Products;
			sourceTree = "<group>";
		};
/* End PBXGroup section */

/* Begin PBXNativeTarget section */
		AE42C8902F86B08A001C9095 /* RAVNU_Proyecto */ = {
			isa = PBXNativeTarget;
			buildConfigurationList = AE42C8A72F86B08A001C9095 /* Build configuration list for PBXNativeTarget "RAVNU_Proyecto" */;
			buildPhases = (
				AE42C88D2F86B08A001C9095 /* Sources */,
				AE42C88E2F86B08A001C9095 /* Frameworks */,
				AE42C88F2F86B08A001C9095 /* Resources */,
			);
			buildRules = (
			);
			dependencies = (
			);
			fileSystemSynchronizedGroups = (
				AE42C8932F86B08A001C9095 /* RAVNU_Proyecto */,
			);
			name = RAVNU_Proyecto;
			packageProductDependencies = (
				4D99F8D92F9AC1E100434514 /* FirebaseAuth */,
				4D99F8DB2F9AC1E100434514 /* FirebaseCore */,
				4D99F8DD2F9AC1E100434514 /* FirebaseFirestore */,
			);
			productName = RAVNU_Proyecto;
			productReference = AE42C8912F86B08A001C9095 /* RAVNU_Proyecto.app */;
			productType = "com.apple.product-type.application";
		};
/* End PBXNativeTarget section */

/* Begin PBXProject section */
		AE42C8892F86B08A001C9095 /* Project object */ = {
			isa = PBXProject;
			attributes = {
				BuildIndependentTargetsInParallel = 1;
				LastSwiftUpdateCheck = 2630;
				LastUpgradeCheck = 2640;
				TargetAttributes = {
					AE42C8902F86B08A001C9095 = {
						CreatedOnToolsVersion = 26.3;
					};
				};
			};
			buildConfigurationList = AE42C88C2F86B08A001C9095 /* Build configuration list for PBXProject "RAVNU_Proyecto" */;
			developmentRegion = en;
			hasScannedForEncodings = 0;
			knownRegions = (
				en,
				Base,
			);
			mainGroup = AE42C8882F86B08A001C9095;
			minimizedProjectReferenceProxies = 1;
			packageReferences = (
				4D99F8D82F9AC1E100434514 /* XCRemoteSwiftPackageReference "firebase-ios-sdk" */,
			);
			preferredProjectObjectVersion = 77;
			productRefGroup = AE42C8922F86B08A001C9095 /* Products */;
			projectDirPath = "";
			projectRoot = "";
			targets = (
				AE42C8902F86B08A001C9095 /* RAVNU_Proyecto */,
			);
		};
/* End PBXProject section */

/* Begin PBXResourcesBuildPhase section */
		AE42C88F2F86B08A001C9095 /* Resources */ = {
			isa = PBXResourcesBuildPhase;
			buildActionMask = 2147483647;
			files = (
			);
			runOnlyForDeploymentPostprocessing = 0;
		};
/* End PBXResourcesBuildPhase section */

/* Begin PBXSourcesBuildPhase section */
		AE42C88D2F86B08A001C9095 /* Sources */ = {
			isa = PBXSourcesBuildPhase;
			buildActionMask = 2147483647;
			files = (
				4DA4EB332F91BF8E009F28F5 /* MovimientoInventarioEntity+CoreDataClass.swift in Sources */,
				4D20CE6D2F908D11009B29CC /* ProductoEntity+CoreDataProperties.swift in Sources */,
				4DA4EB3D2F91BFAA009F28F5 /* ProveedorEntity+CoreDataProperties.swift in Sources */,
				4DA4EB312F91BF8D009F28F5 /* AlmacenEntity+CoreDataClass.swift in Sources */,
				4DA4EB3B2F91BFAA009F28F5 /* MovimientoInventarioEntity+CoreDataProperties.swift in Sources */,
				4DA4EB392F91BFA9009F28F5 /* AlmacenEntity+CoreDataProperties.swift in Sources */,
				4DA4EB372F91BF8E009F28F5 /* OrdenCompraEntity+CoreDataClass.swift in Sources */,
				4D20CE6E2F908D11009B29CC /* VentaEntity+CoreDataClass.swift in Sources */,
				4DA4EB472F91C485009F28F5 /* StockAlmacenEntity+CoreDataClass.swift in Sources */,
				4D20CE6F2F908D11009B29CC /* CuotaEntity+CoreDataProperties.swift in Sources */,
				4DA4EB3F2F91BFAA009F28F5 /* OrdenCompraEntity+CoreDataProperties.swift in Sources */,
				4D20CE702F908D11009B29CC /* ClienteEntity+CoreDataClass.swift in Sources */,
				4D20CE712F908D11009B29CC /* ClienteEntity+CoreDataProperties.swift in Sources */,
				4D20CE722F908D11009B29CC /* ProductoEntity+CoreDataClass.swift in Sources */,
				4D20CE732F908D11009B29CC /* CuotaEntity+CoreDataClass.swift in Sources */,
				4D20CE742F908D11009B29CC /* VentaEntity+CoreDataProperties.swift in Sources */,
				4DA4EB352F91BF8E009F28F5 /* ProveedorEntity+CoreDataClass.swift in Sources */,
				4DA4EB492F91C485009F28F5 /* StockAlmacenEntity+CoreDataProperties.swift in Sources */,
				4DD98B532F8AD69B00186F8E /* LoginEntity+CoreDataProperties.swift in Sources */,
				4DD98B542F8AD69B00186F8E /* LoginEntity+CoreDataClass.swift in Sources */,
			);
			runOnlyForDeploymentPostprocessing = 0;
		};
/* End PBXSourcesBuildPhase section */

/* Begin XCBuildConfiguration section */
		AE42C8A82F86B08A001C9095 /* Debug */ = {
			isa = XCBuildConfiguration;
			buildSettings = {
				ASSETCATALOG_COMPILER_APPICON_NAME = AppIcon;
				ASSETCATALOG_COMPILER_GLOBAL_ACCENT_COLOR_NAME = AccentColor;
				CODE_SIGN_STYLE = Automatic;
				CURRENT_PROJECT_VERSION = 1;
				GENERATE_INFOPLIST_FILE = YES;
				INFOPLIST_FILE = RAVNU_Proyecto/Info.plist;
				INFOPLIST_KEY_UIApplicationSupportsIndirectInputEvents = YES;
				INFOPLIST_KEY_UILaunchStoryboardName = LaunchScreen;
				INFOPLIST_KEY_UIMainStoryboardFile = Main;
				INFOPLIST_KEY_UISupportedInterfaceOrientations_iPad = "UIInterfaceOrientationPortrait UIInterfaceOrientationPortraitUpsideDown UIInterfaceOrientationLandscapeLeft UIInterfaceOrientationLandscapeRight";
				INFOPLIST_KEY_UISupportedInterfaceOrientations_iPhone = "UIInterfaceOrientationPortrait UIInterfaceOrientationLandscapeLeft UIInterfaceOrientationLandscapeRight";
				LD_RUNPATH_SEARCH_PATHS = (
					"$(inherited)",
					"@executable_path/Frameworks",
				);
				MARKETING_VERSION = 1.0;
				PRODUCT_BUNDLE_IDENTIFIER = "com.cibertec.RAVNU-Proyecto";
				PRODUCT_NAME = "$(TARGET_NAME)";
				STRING_CATALOG_GENERATE_SYMBOLS = YES;
				SWIFT_APPROACHABLE_CONCURRENCY = YES;
				SWIFT_DEFAULT_ACTOR_ISOLATION = MainActor;
				SWIFT_EMIT_LOC_STRINGS = YES;
				SWIFT_UPCOMING_FEATURE_MEMBER_IMPORT_VISIBILITY = YES;
				SWIFT_VERSION = 5.0;
				TARGETED_DEVICE_FAMILY = "1,2";
			};
			name = Debug;
		};
		AE42C8A92F86B08A001C9095 /* Release */ = {
			isa = XCBuildConfiguration;
			buildSettings = {
				ASSETCATALOG_COMPILER_APPICON_NAME = AppIcon;
				ASSETCATALOG_COMPILER_GLOBAL_ACCENT_COLOR_NAME = AccentColor;
				CODE_SIGN_STYLE = Automatic;
				CURRENT_PROJECT_VERSION = 1;
				GENERATE_INFOPLIST_FILE = YES;
				INFOPLIST_FILE = RAVNU_Proyecto/Info.plist;
				INFOPLIST_KEY_UIApplicationSupportsIndirectInputEvents = YES;
				INFOPLIST_KEY_UILaunchStoryboardName = LaunchScreen;
				INFOPLIST_KEY_UIMainStoryboardFile = Main;
				INFOPLIST_KEY_UISupportedInterfaceOrientations_iPad = "UIInterfaceOrientationPortrait UIInterfaceOrientationPortraitUpsideDown UIInterfaceOrientationLandscapeLeft UIInterfaceOrientationLandscapeRight";
				INFOPLIST_KEY_UISupportedInterfaceOrientations_iPhone = "UIInterfaceOrientationPortrait UIInterfaceOrientationLandscapeLeft UIInterfaceOrientationLandscapeRight";
				LD_RUNPATH_SEARCH_PATHS = (
					"$(inherited)",
					"@executable_path/Frameworks",
				);
				MARKETING_VERSION = 1.0;
				PRODUCT_BUNDLE_IDENTIFIER = "com.cibertec.RAVNU-Proyecto";
				PRODUCT_NAME = "$(TARGET_NAME)";
				STRING_CATALOG_GENERATE_SYMBOLS = YES;
				SWIFT_APPROACHABLE_CONCURRENCY = YES;
				SWIFT_DEFAULT_ACTOR_ISOLATION = MainActor;
				SWIFT_EMIT_LOC_STRINGS = YES;
				SWIFT_UPCOMING_FEATURE_MEMBER_IMPORT_VISIBILITY = YES;
				SWIFT_VERSION = 5.0;
				TARGETED_DEVICE_FAMILY = "1,2";
			};
			name = Release;
		};
		AE42C8AA2F86B08A001C9095 /* Debug */ = {
			isa = XCBuildConfiguration;
			buildSettings = {
				ALWAYS_SEARCH_USER_PATHS = NO;
				ASSETCATALOG_COMPILER_GENERATE_SWIFT_ASSET_SYMBOL_EXTENSIONS = YES;
				CLANG_ANALYZER_NONNULL = YES;
				CLANG_ANALYZER_NUMBER_OBJECT_CONVERSION = YES_AGGRESSIVE;
				CLANG_CXX_LANGUAGE_STANDARD = "gnu++20";
				CLANG_ENABLE_MODULES = YES;
				CLANG_ENABLE_OBJC_ARC = YES;
				CLANG_ENABLE_OBJC_WEAK = YES;
				CLANG_WARN_BLOCK_CAPTURE_AUTORELEASING = YES;
				CLANG_WARN_BOOL_CONVERSION = YES;
				CLANG_WARN_COMMA = YES;
				CLANG_WARN_CONSTANT_CONVERSION = YES;
				CLANG_WARN_DEPRECATED_OBJC_IMPLEMENTATIONS = YES;
				CLANG_WARN_DIRECT_OBJC_ISA_USAGE = YES_ERROR;
				CLANG_WARN_DOCUMENTATION_COMMENTS = YES;
				CLANG_WARN_EMPTY_BODY = YES;
				CLANG_WARN_ENUM_CONVERSION = YES;
				CLANG_WARN_INFINITE_RECURSION = YES;
				CLANG_WARN_INT_CONVERSION = YES;
				CLANG_WARN_NON_LITERAL_NULL_CONVERSION = YES;
				CLANG_WARN_OBJC_IMPLICIT_RETAIN_SELF = YES;
				CLANG_WARN_OBJC_LITERAL_CONVERSION = YES;
				CLANG_WARN_OBJC_ROOT_CLASS = YES_ERROR;
				CLANG_WARN_QUOTED_INCLUDE_IN_FRAMEWORK_HEADER = YES;
				CLANG_WARN_RANGE_LOOP_ANALYSIS = YES;
				CLANG_WARN_STRICT_PROTOTYPES = YES;
				CLANG_WARN_SUSPICIOUS_MOVE = YES;
				CLANG_WARN_UNGUARDED_AVAILABILITY = YES_AGGRESSIVE;
				CLANG_WARN_UNREACHABLE_CODE = YES;
				CLANG_WARN__DUPLICATE_METHOD_MATCH = YES;
				COPY_PHASE_STRIP = NO;
				DEBUG_INFORMATION_FORMAT = dwarf;
				DEVELOPMENT_TEAM = 4TXBTNJK93;
				ENABLE_STRICT_OBJC_MSGSEND = YES;
				ENABLE_TESTABILITY = YES;
				ENABLE_USER_SCRIPT_SANDBOXING = YES;
				GCC_C_LANGUAGE_STANDARD = gnu17;
				GCC_DYNAMIC_NO_PIC = NO;
				GCC_NO_COMMON_BLOCKS = YES;
				GCC_OPTIMIZATION_LEVEL = 0;
				GCC_PREPROCESSOR_DEFINITIONS = (
					"DEBUG=1",
					"$(inherited)",
				);
				GCC_WARN_64_TO_32_BIT_CONVERSION = YES;
				GCC_WARN_ABOUT_RETURN_TYPE = YES_ERROR;
				GCC_WARN_UNDECLARED_SELECTOR = YES;
				GCC_WARN_UNINITIALIZED_AUTOS = YES_AGGRESSIVE;
				GCC_WARN_UNUSED_FUNCTION = YES;
				GCC_WARN_UNUSED_VARIABLE = YES;
				IPHONEOS_DEPLOYMENT_TARGET = 26.2;
				LOCALIZATION_PREFERS_STRING_CATALOGS = YES;
				MTL_ENABLE_DEBUG_INFO = INCLUDE_SOURCE;
				MTL_FAST_MATH = YES;
				ONLY_ACTIVE_ARCH = YES;
				SDKROOT = iphoneos;
				STRING_CATALOG_GENERATE_SYMBOLS = YES;
				SWIFT_ACTIVE_COMPILATION_CONDITIONS = "DEBUG $(inherited)";
				SWIFT_OPTIMIZATION_LEVEL = "-Onone";
			};
			name = Debug;
		};
		AE42C8AB2F86B08A001C9095 /* Release */ = {
			isa = XCBuildConfiguration;
			buildSettings = {
				ALWAYS_SEARCH_USER_PATHS = NO;
				ASSETCATALOG_COMPILER_GENERATE_SWIFT_ASSET_SYMBOL_EXTENSIONS = YES;
				CLANG_ANALYZER_NONNULL = YES;
				CLANG_ANALYZER_NUMBER_OBJECT_CONVERSION = YES_AGGRESSIVE;
				CLANG_CXX_LANGUAGE_STANDARD = "gnu++20";
				CLANG_ENABLE_MODULES = YES;
				CLANG_ENABLE_OBJC_ARC = YES;
				CLANG_ENABLE_OBJC_WEAK = YES;
				CLANG_WARN_BLOCK_CAPTURE_AUTORELEASING = YES;
				CLANG_WARN_BOOL_CONVERSION = YES;
				CLANG_WARN_COMMA = YES;
				CLANG_WARN_CONSTANT_CONVERSION = YES;
				CLANG_WARN_DEPRECATED_OBJC_IMPLEMENTATIONS = YES;
				CLANG_WARN_DIRECT_OBJC_ISA_USAGE = YES_ERROR;
				CLANG_WARN_DOCUMENTATION_COMMENTS = YES;
				CLANG_WARN_EMPTY_BODY = YES;
				CLANG_WARN_ENUM_CONVERSION = YES;
				CLANG_WARN_INFINITE_RECURSION = YES;
				CLANG_WARN_INT_CONVERSION = YES;
				CLANG_WARN_NON_LITERAL_NULL_CONVERSION = YES;
				CLANG_WARN_OBJC_IMPLICIT_RETAIN_SELF = YES;
				CLANG_WARN_OBJC_LITERAL_CONVERSION = YES;
				CLANG_WARN_OBJC_ROOT_CLASS = YES_ERROR;
				CLANG_WARN_QUOTED_INCLUDE_IN_FRAMEWORK_HEADER = YES;
				CLANG_WARN_RANGE_LOOP_ANALYSIS = YES;
				CLANG_WARN_STRICT_PROTOTYPES = YES;
				CLANG_WARN_SUSPICIOUS_MOVE = YES;
				CLANG_WARN_UNGUARDED_AVAILABILITY = YES_AGGRESSIVE;
				CLANG_WARN_UNREACHABLE_CODE = YES;
				CLANG_WARN__DUPLICATE_METHOD_MATCH = YES;
				COPY_PHASE_STRIP = NO;
				DEBUG_INFORMATION_FORMAT = "dwarf-with-dsym";
				DEVELOPMENT_TEAM = 4TXBTNJK93;
				ENABLE_NS_ASSERTIONS = NO;
				ENABLE_STRICT_OBJC_MSGSEND = YES;
				ENABLE_USER_SCRIPT_SANDBOXING = YES;
				GCC_C_LANGUAGE_STANDARD = gnu17;
				GCC_NO_COMMON_BLOCKS = YES;
				GCC_WARN_64_TO_32_BIT_CONVERSION = YES;
				GCC_WARN_ABOUT_RETURN_TYPE = YES_ERROR;
				GCC_WARN_UNDECLARED_SELECTOR = YES;
				GCC_WARN_UNINITIALIZED_AUTOS = YES_AGGRESSIVE;
				GCC_WARN_UNUSED_FUNCTION = YES;
				GCC_WARN_UNUSED_VARIABLE = YES;
				IPHONEOS_DEPLOYMENT_TARGET = 26.2;
				LOCALIZATION_PREFERS_STRING_CATALOGS = YES;
				MTL_ENABLE_DEBUG_INFO = NO;
				MTL_FAST_MATH = YES;
				SDKROOT = iphoneos;
				STRING_CATALOG_GENERATE_SYMBOLS = YES;
				SWIFT_COMPILATION_MODE = wholemodule;
				VALIDATE_PRODUCT = YES;
			};
			name = Release;
		};
/* End XCBuildConfiguration section */

/* Begin XCConfigurationList section */
		AE42C88C2F86B08A001C9095 /* Build configuration list for PBXProject "RAVNU_Proyecto" */ = {
			isa = XCConfigurationList;
			buildConfigurations = (
				AE42C8AA2F86B08A001C9095 /* Debug */,
				AE42C8AB2F86B08A001C9095 /* Release */,
			);
			defaultConfigurationIsVisible = 0;
			defaultConfigurationName = Release;
		};
		AE42C8A72F86B08A001C9095 /* Build configuration list for PBXNativeTarget "RAVNU_Proyecto" */ = {
			isa = XCConfigurationList;
			buildConfigurations = (
				AE42C8A82F86B08A001C9095 /* Debug */,
				AE42C8A92F86B08A001C9095 /* Release */,
			);
			defaultConfigurationIsVisible = 0;
			defaultConfigurationName = Release;
		};
/* End XCConfigurationList section */

/* Begin XCRemoteSwiftPackageReference section */
		4D99F8D82F9AC1E100434514 /* XCRemoteSwiftPackageReference "firebase-ios-sdk" */ = {
			isa = XCRemoteSwiftPackageReference;
			repositoryURL = "https://github.com/firebase/firebase-ios-sdk";
			requirement = {
				kind = upToNextMajorVersion;
				minimumVersion = 12.12.1;
			};
		};
/* End XCRemoteSwiftPackageReference section */

/* Begin XCSwiftPackageProductDependency section */
		4D99F8D92F9AC1E100434514 /* FirebaseAuth */ = {
			isa = XCSwiftPackageProductDependency;
			package = 4D99F8D82F9AC1E100434514 /* XCRemoteSwiftPackageReference "firebase-ios-sdk" */;
			productName = FirebaseAuth;
		};
		4D99F8DB2F9AC1E100434514 /* FirebaseCore */ = {
			isa = XCSwiftPackageProductDependency;
			package = 4D99F8D82F9AC1E100434514 /* XCRemoteSwiftPackageReference "firebase-ios-sdk" */;
			productName = FirebaseCore;
		};
		4D99F8DD2F9AC1E100434514 /* FirebaseFirestore */ = {
			isa = XCSwiftPackageProductDependency;
			package = 4D99F8D82F9AC1E100434514 /* XCRemoteSwiftPackageReference "firebase-ios-sdk" */;
			productName = FirebaseFirestore;
		};
/* End XCSwiftPackageProductDependency section */
	};
	rootObject = AE42C8892F86B08A001C9095 /* Project object */;
}
